github.com/brianvoe/gofakeit/v6 v6.19.0 h1:g+yJ+meWVEsAmR+bV4mNM/eXI0N+0pZ3D+Mi+G5+YQo=
github.com/brianvoe/gofakeit/v6 v6.19.0/go.mod h1:Ow6qC71xtwm79anlwKRlWZW6zVq9D2XHE4QSSMP/rU8=
github.com/bytedance/gopkg v0.1.4 h1:oZnQwnX82KAIWb7033bEwtxvTqXcYMxDBaQxo5JJHWM=
github.com/bytedance/gopkg v0.1.4/go.mod h1:v1zWfPm21Fb+OsyXN2VAHdL6TBb2L88anLQgdyje6R4=
github.com/cloudwego/gopkg v0.2.0 h1:EU8Ahrj0rCfKZQdah50zKnlrQ1o2AdPYM87UclIqLME=
github.com/cloudwego/gopkg v0.2.0/go.mod h1:WjQPYI8PesfQalIVcLzVJBb1EAopioZ+D+3UGJ+dNBs=
github.com/cloudwego/thriftgo v0.2.4 h1:o3JTSygQXaNHmggZYqAkfCBdPGWuKH1Q8XCflCvsSIY=
github.com/cloudwego/thriftgo v0.2.4/go.mod h1:8i9AF5uDdWHGqzUhXDlubCjx4MEfKvWXGQlMWyR0tM4=
